
Microsoft Visual Studio Solution File, Format Version 12.00
# Visual Studio 14
VisualStudioVersion = 14.0.25420.1
MinimumVisualStudioVersion = 10.0.40219.1
Project("{FAE04EC0-301F-11D3-BF4B-00C04F79EFBC}") = "Balonek.Office", "Balonek.Office\Balonek.Office.csproj", "{292EB7F9-B82E-4D44-85DD-E2DEE6BF7FE0}"
EndProject
Project("{FAE04EC0-301F-11D3-BF4B-00C04F79EFBC}") = "Unzumutbar.Common", "Unzumutbar.Common\Unzumutbar.Common.csproj", "{F19FD20E-A090-44D5-8931-425DEB84A12E}"
EndProject
Project("{FAE04EC0-301F-11D3-BF4B-00C04F79EFBC}") = "Balonek.Database", "Balonek.Database\Balonek.Database.csproj", "{EFBD786D-4525-4C4B-ABA2-A92F3501143A}"
EndProject
Project("{FAE04EC0-301F-11D3-BF4B-00C04F79EFBC}") = "Unzumutbar.OggPlayer", "Unzumutbar.OggPlayer\Unzumutbar.OggPlayer.csproj", "{4CA9EB23-E111-4DAD-9932-F73E8E6C54C5}"
EndProject
Global
	GlobalSection(SolutionConfigurationPlatforms) = preSolution
		Debug|Any CPU = Debug|Any CPU
		Release|Any CPU = Release|Any CPU
	EndGlobalSection
	GlobalSection(ProjectConfigurationPlatforms) = postSolution
		{292EB7F9-B82E-4D44-85DD-E2DEE6BF7FE0}.Debug|Any CPU.ActiveCfg = Debug|Any CPU
		{292EB7F9-B82E-4D44-85DD-E2DEE6BF7FE0}.Debug|Any CPU.Build.0 = Debug|Any CPU
		{292EB7F9-B82E-4D44-85DD-E2DEE6BF7FE0}.Release|Any CPU.ActiveCfg = Release|Any CPU
		{292EB7F9-B82E-4D44-85DD-E2DEE6BF7FE0}.Release|Any CPU.Build.0 = Release|Any CPU
		{F19FD20E-A090-44D5-8931-425DEB84A12E}.Debug|Any CPU.ActiveCfg = Debug|Any CPU
		{F19FD20E-A090-44D5-8931-425DEB84A12E}.Debug|Any CPU.Build.0 = Debug|Any CPU
		{F19FD20E-A090-44D5-8931-425DEB84A12E}.Release|Any CPU.ActiveCfg = Release|Any CPU
		{F19FD20E-A090-44D5-8931-425DEB84A12E}.Release|Any CPU.Build.0 = Release|Any CPU
		{EFBD786D-4525-4C4B-ABA2-A92F3501143A}.Debug|Any CPU.ActiveCfg = Debug|Any CPU
		{EFBD786D-4525-4C4B-ABA2-A92F3501143A}.Debug|Any CPU.Build.0 = Debug|Any CPU
		{EFBD786D-4525-4C4B-ABA2-A92F3501143A}.Release|Any CPU.ActiveCfg = Release|Any CPU
		{EFBD786D-4525-4C4B-ABA2-A92F3501143A}.Release|Any CPU.Build.0 = Release|Any CPU
		{4CA9EB23-E111-4DAD-9932-F73E8E6C54C5}.Debug|Any CPU.ActiveCfg = Debug|Any CPU
		{4CA9EB23-E111-4DAD-9932-F73E8E6C54C5}.Debug|Any CPU.Build.0 = Debug|Any CPU
		{4CA9EB23-E111-4DAD-9932-F73E8E6C54C5}.Release|Any CPU.ActiveCfg = Release|Any CPU
		{4CA9EB23-E111-4DAD-9932-F73E8E6C54C5}.Release|Any CPU.Build.0 = Release|Any CPU
	EndGlobalSection
	GlobalSection(SolutionProperties) = preSolution
		HideSolutionNode = FALSE
	EndGlobalSection
EndGlobal
